
Microsoft Visual Studio Solution File, Format Version 12.00
# Visual Studio Version 17
VisualStudioVersion = 17.2.32630.192
MinimumVisualStudioVersion = 10.0.40219.1
Project("{9A19103F-16F7-4668-BE54-9A1E7A4F7556}") = "BlazorServerMyMongo", "BlazorServerMyMongo.csproj", "{C085C198-3D02-4179-AADC-1001997F0FCE}"
EndProject
Global
	GlobalSection(SolutionConfigurationPlatforms) = preSolution
		Debug|Any CPU = Debug|Any CPU
		Release|Any CPU = Release|Any CPU
	EndGlobalSection
	GlobalSection(ProjectConfigurationPlatforms) = postSolution
		{C085C198-3D02-4179-AADC-1001997F0FCE}.Debug|Any CPU.ActiveCfg = Debug|Any CPU
		{C085C198-3D02-4179-AADC-1001997F0FCE}.Debug|Any CPU.Build.0 = Debug|Any CPU
		{C085C198-3D02-4179-AADC-1001997F0FCE}.Release|Any CPU.ActiveCfg = Release|Any CPU
		{C085C198-3D02-4179-AADC-1001997F0FCE}.Release|Any CPU.Build.0 = Release|Any CPU
	EndGlobalSection
	GlobalSection(SolutionProperties) = preSolution
		HideSolutionNode = FALSE
	EndGlobalSection
	GlobalSection(ExtensibilityGlobals) = postSolution
		SolutionGuid = {C8B47F7B-FB15-49CB-B0DB-D7F8C2CF82BC}
	EndGlobalSection
EndGlobal
