
Microsoft Visual Studio Solution File, Format Version 12.00
# Visual Studio Version 17
VisualStudioVersion = 17.5.33516.290
MinimumVisualStudioVersion = 10.0.40219.1
Project("{FAE04EC0-301F-11D3-BF4B-00C04F79EFBC}") = "MongoDB_Web", "MongoDB_Web.csproj", "{5B4E3159-49F4-4ECF-91E4-8F5979FEDAEF}"
EndProject
Global
	GlobalSection(SolutionConfigurationPlatforms) = preSolution
		Debug|Any CPU = Debug|Any CPU
		Release|Any CPU = Release|Any CPU
	EndGlobalSection
	GlobalSection(ProjectConfigurationPlatforms) = postSolution
		{5B4E3159-49F4-4ECF-91E4-8F5979FEDAEF}.Debug|Any CPU.ActiveCfg = Debug|Any CPU
		{5B4E3159-49F4-4ECF-91E4-8F5979FEDAEF}.Debug|Any CPU.Build.0 = Debug|Any CPU
		{5B4E3159-49F4-4ECF-91E4-8F5979FEDAEF}.Release|Any CPU.ActiveCfg = Release|Any CPU
		{5B4E3159-49F4-4ECF-91E4-8F5979FEDAEF}.Release|Any CPU.Build.0 = Release|Any CPU
	EndGlobalSection
	GlobalSection(SolutionProperties) = preSolution
		HideSolutionNode = FALSE
	EndGlobalSection
	GlobalSection(ExtensibilityGlobals) = postSolution
		SolutionGuid = {A20F1BEF-AFFA-4E66-869B-BDE9DE87920E}
	EndGlobalSection
EndGlobal
